
Microsoft Visual Studio Solution File, Format Version 12.00
# Visual Studio Version 17
VisualStudioVersion = 17.2.32616.157
MinimumVisualStudioVersion = 10.0.40219.1
Project("{FAE04EC0-301F-11D3-BF4B-00C04F79EFBC}") = "WebScraper", "WebScraper\WebScraper.csproj", "{A9AAB30C-DA19-47EF-B6D6-1C710CF440E9}"
EndProject
Global
	GlobalSection(SolutionConfigurationPlatforms) = preSolution
		Debug|Any CPU = Debug|Any CPU
		Release|Any CPU = Release|Any CPU
	EndGlobalSection
	GlobalSection(ProjectConfigurationPlatforms) = postSolution
		{A9AAB30C-DA19-47EF-B6D6-1C710CF440E9}.Debug|Any CPU.ActiveCfg = Debug|Any CPU
		{A9AAB30C-DA19-47EF-B6D6-1C710CF440E9}.Debug|Any CPU.Build.0 = Debug|Any CPU
		{A9AAB30C-DA19-47EF-B6D6-1C710CF440E9}.Release|Any CPU.ActiveCfg = Release|Any CPU
		{A9AAB30C-DA19-47EF-B6D6-1C710CF440E9}.Release|Any CPU.Build.0 = Release|Any CPU
	EndGlobalSection
	GlobalSection(SolutionProperties) = preSolution
		HideSolutionNode = FALSE
	EndGlobalSection
	GlobalSection(ExtensibilityGlobals) = postSolution
		SolutionGuid = {09214432-61EA-4BC4-B4EA-AC1E6505A3EB}
	EndGlobalSection
EndGlobal
